// !$*UTF8*$!
{
	archiveVersion = 1;
	classes = {
	};
	objectVersion = 50;
	objects = {

/* Begin PBXBuildFile section */
		194455E025FB9DCF007F73A2 /* ChicagoFlagApp.swift in Sources */ = {isa = PBXBuildFile; fileRef = 194455DF25FB9DCF007F73A2 /* ChicagoFlagApp.swift */; };
		194455E225FB9DCF007F73A2 /* ContentView.swift in Sources */ = {isa = PBXBuildFile; fileRef = 194455E125FB9DCF007F73A2 /* ContentView.swift */; };
		194455E425FB9DD1007F73A2 /* Assets.xcassets in Resources */ = {isa = PBXBuildFile; fileRef = 194455E325FB9DD1007F73A2 /* Assets.xcassets */; };
		194455E725FB9DD1007F73A2 /* Preview Assets.xcassets in Resources */ = {isa = PBXBuildFile; fileRef = 194455E625FB9DD1007F73A2 /* Preview Assets.xcassets */; };
		5E55F9F327C7F6C3002691F2 /* README.md in Resources */ = {isa = PBXBuildFile; fileRef = 5E55F9F227C7F6C3002691F2 /* README.md */; };
/* End PBXBuildFile section */

/* Begin PBXFileReference section */
		194455DC25FB9DCF007F73A2 /* ChicagoFlag.app */ = {isa = PBXFileReference; explicitFileType = wrapper.application; includeInIndex = 0; path = ChicagoFlag.app; sourceTree = BUILT_PRODUCTS_DIR; };
		194455DF25FB9DCF007F73A2 /* ChicagoFlagApp.swift */ = {isa = PBXFileReference; lastKnownFileType = sourcecode.swift; path = ChicagoFlagApp.swift; sourceTree = "<group>"; };
		194455E125FB9DCF007F73A2 /* ContentView.swift */ = {isa = PBXFileReference; lastKnownFileType = sourcecode.swift; path = ContentView.swift; sourceTree = "<group>"; };
		194455E325FB9DD1007F73A2 /* Assets.xcassets */ = {isa = PBXFileReference; lastKnownFileType = folder.assetcatalog; path = Assets.xcassets; sourceTree = "<group>"; };
		194455E625FB9DD1007F73A2 /* Preview Assets.xcassets */ = {isa = PBXFileReference; lastKnownFileType = folder.assetcatalog; path = "Preview Assets.xcassets"; sourceTree = "<group>"; };
		194455E825FB9DD1007F73A2 /* Info.plist */ = {isa = PBXFileReference; lastKnownFileType = text.plist.xml; path = Info.plist; sourceTree = "<group>"; };
		5E55F9F227C7F6C3002691F2 /* README.md */ = {isa = PBXFileReference; fileEncoding = 4; lastKnownFileType = net.daringfireball.markdown; path = README.md; sourceTree = "<group>"; };
/* End PBXFileReference section */

/* Begin PBXFrameworksBuildPhase section */
		194455D925FB9DCF007F73A2 /* Frameworks */ = {
			isa = PBXFrameworksBuildPhase;
			buildActionMask = 2147483647;
			files = (
			);
			runOnlyForDeploymentPostprocessing = 0;
		};
/* End PBXFrameworksBuildPhase section */

/* Begin PBXGroup section */
		194455D325FB9DCF007F73A2 = {
			isa = PBXGroup;
			children = (
				194455DE25FB9DCF007F73A2 /* ChicagoFlag */,
				194455DD25FB9DCF007F73A2 /* Products */,
			);
			sourceTree = "<group>";
		};
		194455DD25FB9DCF007F73A2 /* Products */ = {
			isa = PBXGroup;
			children = (
				194455DC25FB9DCF007F73A2 /* ChicagoFlag.app */,
			);
			name = Products;
			sourceTree = "<group>";
		};
		194455DE25FB9DCF007F73A2 /* ChicagoFlag */ = {
			isa = PBXGroup;
			children = (
				5E55F9F227C7F6C3002691F2 /* README.md */,
				194455DF25FB9DCF007F73A2 /* ChicagoFlagApp.swift */,
				194455E125FB9DCF007F73A2 /* ContentView.swift */,
				194455E325FB9DD1007F73A2 /* Assets.xcassets */,
				194455E825FB9DD1007F73A2 /* Info.plist */,
				194455E525FB9DD1007F73A2 /* Preview Content */,
			);
			path = ChicagoFlag;
			sourceTree = "<group>";
		};
		194455E525FB9DD1007F73A2 /* Preview Content */ = {
			isa = PBXGroup;
			children = (
				194455E625FB9DD1007F73A2 /* Preview Assets.xcassets */,
			);
			path = "Preview Content";
			sourceTree = "<group>";
		};
/* End PBXGroup section */

/* Begin PBXNativeTarget section */
		194455DB25FB9DCF007F73A2 /* ChicagoFlag */ = {
			isa = PBXNativeTarget;
			buildConfigurationList = 194455EB25FB9DD1007F73A2 /* Build configuration list for PBXNativeTarget "ChicagoFlag" */;
			buildPhases = (
				194455D825FB9DCF007F73A2 /* Sources */,
				194455D925FB9DCF007F73A2 /* Frameworks */,
				194455DA25FB9DCF007F73A2 /* Resources */,
			);
			buildRules = (
			);
			dependencies = (
			);
			name = ChicagoFlag;
			productName = ChicagoFlag;
			productReference = 194455DC25FB9DCF007F73A2 /* ChicagoFlag.app */;
			productType = "com.apple.product-type.application";
		};
/* End PBXNativeTarget section */

/* Begin PBXProject section */
		194455D425FB9DCF007F73A2 /* Project object */ = {
			isa = PBXProject;
			attributes = {
				LastSwiftUpdateCheck = 1240;
				LastUpgradeCheck = 1240;
				TargetAttributes = {
					194455DB25FB9DCF007F73A2 = {
						CreatedOnToolsVersion = 12.4;
					};
				};
			};
			buildConfigurationList = 194455D725FB9DCF007F73A2 /* Build configuration list for PBXProject "ChicagoFlag_Part2_Pollak_Answer_Key" */;
			compatibilityVersion = "Xcode 9.3";
			developmentRegion = en;
			hasScannedForEncodings = 0;
			knownRegions = (
				en,
				Base,
			);
			mainGroup = 194455D325FB9DCF007F73A2;
			productRefGroup = 194455DD25FB9DCF007F73A2 /* Products */;
			projectDirPath = "";
			projectRoot = "";
			targets = (
				194455DB25FB9DCF007F73A2 /* ChicagoFlag */,
			);
		};
/* End PBXProject section */

/* Begin PBXResourcesBuildPhase section */
		194455DA25FB9DCF007F73A2 /* Resources */ = {
			isa = PBXResourcesBuildPhase;
			buildActionMask = 2147483647;
			files = (
				194455E725FB9DD1007F73A2 /* Preview Assets.xcassets in Resources */,
				5E55F9F327C7F6C3002691F2 /* README.md in Resources */,
				194455E425FB9DD1007F73A2 /* Assets.xcassets in Resources */,
			);
			runOnlyForDeploymentPostprocessing = 0;
		};
/* End PBXResourcesBuildPhase section */

/* Begin PBXSourcesBuildPhase section */
		194455D825FB9DCF007F73A2 /* Sources */ = {
			isa = PBXSourcesBuildPhase;
			buildActionMask = 2147483647;
			files = (
				194455E225FB9DCF007F73A2 /* ContentView.swift in Sources */,
				194455E025FB9DCF007F73A2 /* ChicagoFlagApp.swift in Sources */,
			);
			runOnlyForDeploymentPostprocessing = 0;
		};
/* End PBXSourcesBuildPhase section */

/* Begin XCBuildConfiguration section */
		194455E925FB9DD1007F73A2 /* Debug */ = {
			isa = XCBuildConfiguration;
			buildSettings = {
				ALWAYS_SEARCH_USER_PATHS = NO;
				CLANG_ANALYZER_NONNULL = YES;
				CLANG_ANALYZER_NUMBER_OBJECT_CONVERSION = YES_AGGRESSIVE;
				CLANG_CXX_LANGUAGE_STANDARD = "gnu++14";
				CLANG_CXX_LIBRARY = "libc++";
				CLANG_ENABLE_MODULES = YES;
				CLANG_ENABLE_OBJC_ARC = YES;
				CLANG_ENABLE_OBJC_WEAK = YES;
				CLANG_WARN_BLOCK_CAPTURE_AUTORELEASING = YES;
				CLANG_WARN_BOOL_CONVERSION = YES;
				CLANG_WARN_COMMA = YES;
				CLANG_WARN_CONSTANT_CONVERSION = YES;
				CLANG_WARN_DEPRECATED_OBJC_IMPLEMENTATIONS = YES;
				CLANG_WARN_DIRECT_OBJC_ISA_USAGE = YES_ERROR;
				CLANG_WARN_DOCUMENTATION_COMMENTS = YES;
				CLANG_WARN_EMPTY_BODY = YES;
				CLANG_WARN_ENUM_CONVERSION = YES;
				CLANG_WARN_INFINITE_RECURSION = YES;
				CLANG_WARN_INT_CONVERSION = YES;
				CLANG_WARN_NON_LITERAL_NULL_CONVERSION = YES;
				CLANG_WARN_OBJC_IMPLICIT_RETAIN_SELF = YES;
				CLANG_WARN_OBJC_LITERAL_CONVERSION = YES;
				CLANG_WARN_OBJC_ROOT_CLASS = YES_ERROR;
				CLANG_WARN_QUOTED_INCLUDE_IN_FRAMEWORK_HEADER = YES;
				CLANG_WARN_RANGE_LOOP_ANALYSIS = YES;
				CLANG_WARN_STRICT_PROTOTYPES = YES;
				CLANG_WARN_SUSPICIOUS_MOVE = YES;
				CLANG_WARN_UNGUARDED_AVAILABILITY = YES_AGGRESSIVE;
				CLANG_WARN_UNREACHABLE_CODE = YES;
				CLANG_WARN__DUPLICATE_METHOD_MATCH = YES;
				COPY_PHASE_STRIP = NO;
				DEBUG_INFORMATION_FORMAT = dwarf;
				ENABLE_STRICT_OBJC_MSGSEND = YES;
				ENABLE_TESTABILITY = YES;
				GCC_C_LANGUAGE_STANDARD = gnu11;
				GCC_DYNAMIC_NO_PIC = NO;
				GCC_NO_COMMON_BLOCKS = YES;
				GCC_OPTIMIZATION_LEVEL = 0;
				GCC_PREPROCESSOR_DEFINITIONS = (
					"DEBUG=1",
					"$(inherited)",
				);
				GCC_WARN_64_TO_32_BIT_CONVERSION = YES;
				GCC_WARN_ABOUT_RETURN_TYPE = YES_ERROR;
				GCC_WARN_UNDECLARED_SELECTOR = YES;
				GCC_WARN_UNINITIALIZED_AUTOS = YES_AGGRESSIVE;
				GCC_WARN_UNUSED_FUNCTION = YES;
				GCC_WARN_UNUSED_VARIABLE = YES;
				IPHONEOS_DEPLOYMENT_TARGET = 14.4;
				MTL_ENABLE_DEBUG_INFO = INCLUDE_SOURCE;
				MTL_FAST_MATH = YES;
				ONLY_ACTIVE_ARCH = YES;
				SDKROOT = iphoneos;
				SWIFT_ACTIVE_COMPILATION_CONDITIONS = DEBUG;
				SWIFT_OPTIMIZATION_LEVEL = "-Onone";
			};
			name = Debug;
		};
		194455EA25FB9DD1007F73A2 /* Release */ = {
			isa = XCBuildConfiguration;
			buildSettings = {
				ALWAYS_SEARCH_USER_PATHS = NO;
				CLANG_ANALYZER_NONNULL = YES;
				CLANG_ANALYZER_NUMBER_OBJECT_CONVERSION = YES_AGGRESSIVE;
				CLANG_CXX_LANGUAGE_STANDARD = "gnu++14";
				CLANG_CXX_LIBRARY = "libc++";
				CLANG_ENABLE_MODULES = YES;
				CLANG_ENABLE_OBJC_ARC = YES;
				CLANG_ENABLE_OBJC_WEAK = YES;
				CLANG_WARN_BLOCK_CAPTURE_AUTORELEASING = YES;
				CLANG_WARN_BOOL_CONVERSION = YES;
				CLANG_WARN_COMMA = YES;
				CLANG_WARN_CONSTANT_CONVERSION = YES;
				CLANG_WARN_DEPRECATED_OBJC_IMPLEMENTATIONS = YES;
				CLANG_WARN_DIRECT_OBJC_ISA_USAGE = YES_ERROR;
				CLANG_WARN_DOCUMENTATION_COMMENTS = YES;
				CLANG_WARN_EMPTY_BODY = YES;
				CLANG_WARN_ENUM_CONVERSION = YES;
				CLANG_WARN_INFINITE_RECURSION = YES;
				CLANG_WARN_INT_CONVERSION = YES;
				CLANG_WARN_NON_LITERAL_NULL_CONVERSION = YES;
				CLANG_WARN_OBJC_IMPLICIT_RETAIN_SELF = YES;
				CLANG_WARN_OBJC_LITERAL_CONVERSION = YES;
				CLANG_WARN_OBJC_ROOT_CLASS = YES_ERROR;
				CLANG_WARN_QUOTED_INCLUDE_IN_FRAMEWORK_HEADER = YES;
				CLANG_WARN_RANGE_LOOP_ANALYSIS = YES;
				CLANG_WARN_STRICT_PROTOTYPES = YES;
				CLANG_WARN_SUSPICIOUS_MOVE = YES;
				CLANG_WARN_UNGUARDED_AVAILABILITY = YES_AGGRESSIVE;
				CLANG_WARN_UNREACHABLE_CODE = YES;
				CLANG_WARN__DUPLICATE_METHOD_MATCH = YES;
				COPY_PHASE_STRIP = NO;
				DEBUG_INFORMATION_FORMAT = "dwarf-with-dsym";
				ENABLE_NS_ASSERTIONS = NO;
				ENABLE_STRICT_OBJC_MSGSEND = YES;
				GCC_C_LANGUAGE_STANDARD = gnu11;
				GCC_NO_COMMON_BLOCKS = YES;
				GCC_WARN_64_TO_32_BIT_CONVERSION = YES;
				GCC_WARN_ABOUT_RETURN_TYPE = YES_ERROR;
				GCC_WARN_UNDECLARED_SELECTOR = YES;
				GCC_WARN_UNINITIALIZED_AUTOS = YES_AGGRESSIVE;
				GCC_WARN_UNUSED_FUNCTION = YES;
				GCC_WARN_UNUSED_VARIABLE = YES;
				IPHONEOS_DEPLOYMENT_TARGET = 14.4;
				MTL_ENABLE_DEBUG_INFO = NO;
				MTL_FAST_MATH = YES;
				SDKROOT = iphoneos;
				SWIFT_COMPILATION_MODE = wholemodule;
				SWIFT_OPTIMIZATION_LEVEL = "-O";
				VALIDATE_PRODUCT = YES;
			};
			name = Release;
		};
		194455EC25FB9DD1007F73A2 /* Debug */ = {
			isa = XCBuildConfiguration;
			buildSettings = {
				ASSETCATALOG_COMPILER_APPICON_NAME = AppIcon;
				ASSETCATALOG_COMPILER_GLOBAL_ACCENT_COLOR_NAME = AccentColor;
				CODE_SIGN_STYLE = Automatic;
				DEVELOPMENT_ASSET_PATHS = "\"ChicagoFlag/Preview Content\"";
				DEVELOPMENT_TEAM = C9R28U8B2L;
				ENABLE_PREVIEWS = YES;
				INFOPLIST_FILE = ChicagoFlag/Info.plist;
				IPHONEOS_DEPLOYMENT_TARGET = 14.0;
				LD_RUNPATH_SEARCH_PATHS = (
					"$(inherited)",
					"@executable_path/Frameworks",
				);
				PRODUCT_BUNDLE_IDENTIFIER = com.thewcl.ChicagoFlag;
				PRODUCT_NAME = "$(TARGET_NAME)";
				SWIFT_VERSION = 5.0;
				TARGETED_DEVICE_FAMILY = "1,2";
			};
			name = Debug;
		};
		194455ED25FB9DD1007F73A2 /* Release */ = {
			isa = XCBuildConfiguration;
			buildSettings = {
				ASSETCATALOG_COMPILER_APPICON_NAME = AppIcon;
				ASSETCATALOG_COMPILER_GLOBAL_ACCENT_COLOR_NAME = AccentColor;
				CODE_SIGN_STYLE = Automatic;
				DEVELOPMENT_ASSET_PATHS = "\"ChicagoFlag/Preview Content\"";
				DEVELOPMENT_TEAM = C9R28U8B2L;
				ENABLE_PREVIEWS = YES;
				INFOPLIST_FILE = ChicagoFlag/Info.plist;
				IPHONEOS_DEPLOYMENT_TARGET = 14.0;
				LD_RUNPATH_SEARCH_PATHS = (
					"$(inherited)",
					"@executable_path/Frameworks",
				);
				PRODUCT_BUNDLE_IDENTIFIER = com.thewcl.ChicagoFlag;
				PRODUCT_NAME = "$(TARGET_NAME)";
				SWIFT_VERSION = 5.0;
				TARGETED_DEVICE_FAMILY = "1,2";
			};
			name = Release;
		};
/* End XCBuildConfiguration section */

/* Begin XCConfigurationList section */
		194455D725FB9DCF007F73A2 /* Build configuration list for PBXProject "ChicagoFlag_Part2_Pollak_Answer_Key" */ = {
			isa = XCConfigurationList;
			buildConfigurations = (
				194455E925FB9DD1007F73A2 /* Debug */,
				194455EA25FB9DD1007F73A2 /* Release */,
			);
			defaultConfigurationIsVisible = 0;
			defaultConfigurationName = Release;
		};
		194455EB25FB9DD1007F73A2 /* Build configuration list for PBXNativeTarget "ChicagoFlag" */ = {
			isa = XCConfigurationList;
			buildConfigurations = (
				194455EC25FB9DD1007F73A2 /* Debug */,
				194455ED25FB9DD1007F73A2 /* Release */,
			);
			defaultConfigurationIsVisible = 0;
			defaultConfigurationName = Release;
		};
/* End XCConfigurationList section */
	};
	rootObject = 194455D425FB9DCF007F73A2 /* Project object */;
}
